
Microsoft Visual Studio Solution File, Format Version 12.00
# Visual Studio Version 17
VisualStudioVersion = 17.4.33110.190
MinimumVisualStudioVersion = 10.0.40219.1
Project("{FAE04EC0-301F-11D3-BF4B-00C04F79EFBC}") = "CCG_DB", "CCG_DB\CCG_DB.csproj", "{4D6D298B-964F-4B6C-A383-E1850CC4630F}"
EndProject
Global
	GlobalSection(SolutionConfigurationPlatforms) = preSolution
		Debug|Any CPU = Debug|Any CPU
		Release|Any CPU = Release|Any CPU
	EndGlobalSection
	GlobalSection(ProjectConfigurationPlatforms) = postSolution
		{4D6D298B-964F-4B6C-A383-E1850CC4630F}.Debug|Any CPU.ActiveCfg = Debug|Any CPU
		{4D6D298B-964F-4B6C-A383-E1850CC4630F}.Debug|Any CPU.Build.0 = Debug|Any CPU
		{4D6D298B-964F-4B6C-A383-E1850CC4630F}.Release|Any CPU.ActiveCfg = Release|Any CPU
		{4D6D298B-964F-4B6C-A383-E1850CC4630F}.Release|Any CPU.Build.0 = Release|Any CPU
	EndGlobalSection
	GlobalSection(SolutionProperties) = preSolution
		HideSolutionNode = FALSE
	EndGlobalSection
	GlobalSection(ExtensibilityGlobals) = postSolution
		SolutionGuid = {BDD60B60-08C6-44B4-AAA7-F9CF5BB26E0F}
	EndGlobalSection
EndGlobal
